// !$*UTF8*$!
{
	archiveVersion = 1;
	classes = {
	};
	objectVersion = 77;
	objects = {

/* Begin PBXContainerItemProxy section */
		A5EA6D2B300C9E1B00359A47 /* PBXContainerItemProxy */ = {
			isa = PBXContainerItemProxy;
			containerPortal = A5EA6D15300C9E1900359A47 /* Project object */;
			proxyType = 1;
			remoteGlobalIDString = A5EA6D1C300C9E1900359A47;
			remoteInfo = "simple-web-proxy-frontend";
		};
		A5EA6D35300C9E1B00359A47 /* PBXContainerItemProxy */ = {
			isa = PBXContainerItemProxy;
			containerPortal = A5EA6D15300C9E1900359A47 /* Project object */;
			proxyType = 1;
			remoteGlobalIDString = A5EA6D1C300C9E1900359A47;
			remoteInfo = "simple-web-proxy-frontend";
		};
/* End PBXContainerItemProxy section */

/* Begin PBXFileReference section */
		A5EA6D1D300C9E1900359A47 /* simple-web-proxy-frontend.app */ = {isa = PBXFileReference; explicitFileType = wrapper.application; includeInIndex = 0; path = "simple-web-proxy-frontend.app"; sourceTree = BUILT_PRODUCTS_DIR; };
		A5EA6D2A300C9E1B00359A47 /* simple-web-proxy-frontendTests.xctest */ = {isa = PBXFileReference; explicitFileType = wrapper.cfbundle; includeInIndex = 0; path = "simple-web-proxy-frontendTests.xctest"; sourceTree = BUILT_PRODUCTS_DIR; };
		A5EA6D34300C9E1B00359A47 /* simple-web-proxy-frontendUITests.xctest */ = {isa = PBXFileReference; explicitFileType = wrapper.cfbundle; includeInIndex = 0; path = "simple-web-proxy-frontendUITests.xctest"; sourceTree = BUILT_PRODUCTS_DIR; };
/* End PBXFileReference section */

/* Begin PBXFileSystemSynchronizedBuildFileExceptionSet section */
		A5EA6DB9300DDD7F00359A47 /* Exceptions for "simple-web-proxy-frontend" folder in "simple-web-proxy-frontend" target */ = {
			isa = PBXFileSystemSynchronizedBuildFileExceptionSet;
			membershipExceptions = (
				Info.plist,
			);
			target = A5EA6D1C300C9E1900359A47 /* simple-web-proxy-frontend */;
		};
/* End PBXFileSystemSynchronizedBuildFileExceptionSet section */

/* Begin PBXFileSystemSynchronizedRootGroup section */
		A5EA6D1F300C9E1900359A47 /* simple-web-proxy-frontend */ = {
			isa = PBXFileSystemSynchronizedRootGroup;
			exceptions = (
				A5EA6DB9300DDD7F00359A47 /* Exceptions for "simple-web-proxy-frontend" folder in "simple-web-proxy-frontend" target */,
			);
			path = "simple-web-proxy-frontend";
			sourceTree = "<group>";
		};
		A5EA6D2D300C9E1B00359A47 /* simple-web-proxy-frontendTests */ = {
			isa = PBXFileSystemSynchronizedRootGroup;
			path = "simple-web-proxy-frontendTests";
			sourceTree = "<group>";
		};
		A5EA6D37300C9E1B00359A47 /* simple-web-proxy-frontendUITests */ = {
			isa = PBXFileSystemSynchronizedRootGroup;
			path = "simple-web-proxy-frontendUITests";
			sourceTree = "<group>";
		};
/* End PBXFileSystemSynchronizedRootGroup section */

/* Begin PBXFrameworksBuildPhase section */
		A5EA6D1A300C9E1900359A47 /* Frameworks */ = {
			isa = PBXFrameworksBuildPhase;
			buildActionMask = 2147483647;
			files = (
			);
			runOnlyForDeploymentPostprocessing = 0;
		};
		A5EA6D27300C9E1B00359A47 /* Frameworks */ = {
			isa = PBXFrameworksBuildPhase;
			buildActionMask = 2147483647;
			files = (
			);
			runOnlyForDeploymentPostprocessing = 0;
		};
		A5EA6D31300C9E1B00359A47 /* Frameworks */ = {
			isa = PBXFrameworksBuildPhase;
			buildActionMask = 2147483647;
			files = (
			);
			runOnlyForDeploymentPostprocessing = 0;
		};
/* End PBXFrameworksBuildPhase section */

/* Begin PBXGroup section */
		A5EA6D14300C9E1900359A47 = {
			isa = PBXGroup;
			children = (
				A5EA6D1F300C9E1900359A47 /* simple-web-proxy-frontend */,
				A5EA6D2D300C9E1B00359A47 /* simple-web-proxy-frontendTests */,
				A5EA6D37300C9E1B00359A47 /* simple-web-proxy-frontendUITests */,
				A5EA6D1E300C9E1900359A47 /* Products */,
			);
			sourceTree = "<group>";
		};
		A5EA6D1E300C9E1900359A47 /* Products */ = {
			isa = PBXGroup;
			children = (
				A5EA6D1D300C9E1900359A47 /* simple-web-proxy-frontend.app */,
				A5EA6D2A300C9E1B00359A47 /* simple-web-proxy-frontendTests.xctest */,
				A5EA6D34300C9E1B00359A47 /* simple-web-proxy-frontendUITests.xctest */,
			);
			name = Products;
			sourceTree = "<group>";
		};
/* End PBXGroup section */

/* Begin PBXNativeTarget section */
		A5EA6D1C300C9E1900359A47 /* simple-web-proxy-frontend */ = {
			isa = PBXNativeTarget;
			buildConfigurationList = A5EA6D3E300C9E1B00359A47 /* Build configuration list for PBXNativeTarget "simple-web-proxy-frontend" */;
			buildPhases = (
				A5EA6D19300C9E1900359A47 /* Sources */,
				A5EA6D1A300C9E1900359A47 /* Frameworks */,
				A5EA6D1B300C9E1900359A47 /* Resources */,
			);
			buildRules = (
			);
			dependencies = (
			);
			fileSystemSynchronizedGroups = (
				A5EA6D1F300C9E1900359A47 /* simple-web-proxy-frontend */,
			);
			name = "simple-web-proxy-frontend";
			packageProductDependencies = (
			);
			productName = "simple-web-proxy-frontend";
			productReference = A5EA6D1D300C9E1900359A47 /* simple-web-proxy-frontend.app */;
			productType = "com.apple.product-type.application";
		};
		A5EA6D29300C9E1B00359A47 /* simple-web-proxy-frontendTests */ = {
			isa = PBXNativeTarget;
			buildConfigurationList = A5EA6D41300C9E1B00359A47 /* Build configuration list for PBXNativeTarget "simple-web-proxy-frontendTests" */;
			buildPhases = (
				A5EA6D26300C9E1B00359A47 /* Sources */,
				A5EA6D27300C9E1B00359A47 /* Frameworks */,
				A5EA6D28300C9E1B00359A47 /* Resources */,
			);
			buildRules = (
			);
			dependencies = (
				A5EA6D2C300C9E1B00359A47 /* PBXTargetDependency */,
			);
			fileSystemSynchronizedGroups = (
				A5EA6D2D300C9E1B00359A47 /* simple-web-proxy-frontendTests */,
			);
			name = "simple-web-proxy-frontendTests";
			packageProductDependencies = (
			);
			productName = "simple-web-proxy-frontendTests";
			productReference = A5EA6D2A300C9E1B00359A47 /* simple-web-proxy-frontendTests.xctest */;
			productType = "com.apple.product-type.bundle.unit-test";
		};
		A5EA6D33300C9E1B00359A47 /* simple-web-proxy-frontendUITests */ = {
			isa = PBXNativeTarget;
			buildConfigurationList = A5EA6D44300C9E1B00359A47 /* Build configuration list for PBXNativeTarget "simple-web-proxy-frontendUITests" */;
			buildPhases = (
				A5EA6D30300C9E1B00359A47 /* Sources */,
				A5EA6D31300C9E1B00359A47 /* Frameworks */,
				A5EA6D32300C9E1B00359A47 /* Resources */,
			);
			buildRules = (
			);
			dependencies = (
				A5EA6D36300C9E1B00359A47 /* PBXTargetDependency */,
			);
			fileSystemSynchronizedGroups = (
				A5EA6D37300C9E1B00359A47 /* simple-web-proxy-frontendUITests */,
			);
			name = "simple-web-proxy-frontendUITests";
			packageProductDependencies = (
			);
			productName = "simple-web-proxy-frontendUITests";
			productReference = A5EA6D34300C9E1B00359A47 /* simple-web-proxy-frontendUITests.xctest */;
			productType = "com.apple.product-type.bundle.ui-testing";
		};
/* End PBXNativeTarget section */

/* Begin PBXProject section */
		A5EA6D15300C9E1900359A47 /* Project object */ = {
			isa = PBXProject;
			attributes = {
				BuildIndependentTargetsInParallel = 1;
				LastSwiftUpdateCheck = 2660;
				LastUpgradeCheck = 2660;
				TargetAttributes = {
					A5EA6D1C300C9E1900359A47 = {
						CreatedOnToolsVersion = 26.6;
					};
					A5EA6D29300C9E1B00359A47 = {
						CreatedOnToolsVersion = 26.6;
						TestTargetID = A5EA6D1C300C9E1900359A47;
					};
					A5EA6D33300C9E1B00359A47 = {
						CreatedOnToolsVersion = 26.6;
						TestTargetID = A5EA6D1C300C9E1900359A47;
					};
				};
			};
			buildConfigurationList = A5EA6D18300C9E1900359A47 /* Build configuration list for PBXProject "simple-web-proxy-frontend" */;
			developmentRegion = en;
			hasScannedForEncodings = 0;
			knownRegions = (
				en,
				Base,
			);
			mainGroup = A5EA6D14300C9E1900359A47;
			minimizedProjectReferenceProxies = 1;
			preferredProjectObjectVersion = 77;
			productRefGroup = A5EA6D1E300C9E1900359A47 /* Products */;
			projectDirPath = "";
			projectRoot = "";
			targets = (
				A5EA6D1C300C9E1900359A47 /* simple-web-proxy-frontend */,
				A5EA6D29300C9E1B00359A47 /* simple-web-proxy-frontendTests */,
				A5EA6D33300C9E1B00359A47 /* simple-web-proxy-frontendUITests */,
			);
		};
/* End PBXProject section */

/* Begin PBXResourcesBuildPhase section */
		A5EA6D1B300C9E1900359A47 /* Resources */ = {
			isa = PBXResourcesBuildPhase;
			buildActionMask = 2147483647;
			files = (
			);
			runOnlyForDeploymentPostprocessing = 0;
		};
		A5EA6D28300C9E1B00359A47 /* Resources */ = {
			isa = PBXResourcesBuildPhase;
			buildActionMask = 2147483647;
			files = (
			);
			runOnlyForDeploymentPostprocessing = 0;
		};
		A5EA6D32300C9E1B00359A47 /* Resources */ = {
			isa = PBXResourcesBuildPhase;
			buildActionMask = 2147483647;
			files = (
			);
			runOnlyForDeploymentPostprocessing = 0;
		};
/* End PBXResourcesBuildPhase section */

/* Begin PBXSourcesBuildPhase section */
		A5EA6D19300C9E1900359A47 /* Sources */ = {
			isa = PBXSourcesBuildPhase;
			buildActionMask = 2147483647;
			files = (
			);
			runOnlyForDeploymentPostprocessing = 0;
		};
		A5EA6D26300C9E1B00359A47 /* Sources */ = {
			isa = PBXSourcesBuildPhase;
			buildActionMask = 2147483647;
			files = (
			);
			runOnlyForDeploymentPostprocessing = 0;
		};
		A5EA6D30300C9E1B00359A47 /* Sources */ = {
			isa = PBXSourcesBuildPhase;
			buildActionMask = 2147483647;
			files = (
			);
			runOnlyForDeploymentPostprocessing = 0;
		};
/* End PBXSourcesBuildPhase section */

/* Begin PBXTargetDependency section */
		A5EA6D2C300C9E1B00359A47 /* PBXTargetDependency */ = {
			isa = PBXTargetDependency;
			target = A5EA6D1C300C9E1900359A47 /* simple-web-proxy-frontend */;
			targetProxy = A5EA6D2B300C9E1B00359A47 /* PBXContainerItemProxy */;
		};
		A5EA6D36300C9E1B00359A47 /* PBXTargetDependency */ = {
			isa = PBXTargetDependency;
			target = A5EA6D1C300C9E1900359A47 /* simple-web-proxy-frontend */;
			targetProxy = A5EA6D35300C9E1B00359A47 /* PBXContainerItemProxy */;
		};
/* End PBXTargetDependency section */

/* Begin XCBuildConfiguration section */
		A5EA6D3C300C9E1B00359A47 /* Debug */ = {
			isa = XCBuildConfiguration;
			buildSettings = {
				ALWAYS_SEARCH_USER_PATHS = NO;
				ASSETCATALOG_COMPILER_GENERATE_SWIFT_ASSET_SYMBOL_EXTENSIONS = YES;
				CLANG_ANALYZER_NONNULL = YES;
				CLANG_ANALYZER_NUMBER_OBJECT_CONVERSION = YES_AGGRESSIVE;
				CLANG_CXX_LANGUAGE_STANDARD = "gnu++20";
				CLANG_ENABLE_MODULES = YES;
				CLANG_ENABLE_OBJC_ARC = YES;
				CLANG_ENABLE_OBJC_WEAK = YES;
				CLANG_WARN_BLOCK_CAPTURE_AUTORELEASING = YES;
				CLANG_WARN_BOOL_CONVERSION = YES;
				CLANG_WARN_COMMA = YES;
				CLANG_WARN_CONSTANT_CONVERSION = YES;
				CLANG_WARN_DEPRECATED_OBJC_IMPLEMENTATIONS = YES;
				CLANG_WARN_DIRECT_OBJC_ISA_USAGE = YES_ERROR;
				CLANG_WARN_DOCUMENTATION_COMMENTS = YES;
				CLANG_WARN_EMPTY_BODY = YES;
				CLANG_WARN_ENUM_CONVERSION = YES;
				CLANG_WARN_INFINITE_RECURSION = YES;
				CLANG_WARN_INT_CONVERSION = YES;
				CLANG_WARN_NON_LITERAL_NULL_CONVERSION = YES;
				CLANG_WARN_OBJC_IMPLICIT_RETAIN_SELF = YES;
				CLANG_WARN_OBJC_LITERAL_CONVERSION = YES;
				CLANG_WARN_OBJC_ROOT_CLASS = YES_ERROR;
				CLANG_WARN_QUOTED_INCLUDE_IN_FRAMEWORK_HEADER = YES;
				CLANG_WARN_RANGE_LOOP_ANALYSIS = YES;
				CLANG_WARN_STRICT_PROTOTYPES = YES;
				CLANG_WARN_SUSPICIOUS_MOVE = YES;
				CLANG_WARN_UNGUARDED_AVAILABILITY = YES_AGGRESSIVE;
				CLANG_WARN_UNREACHABLE_CODE = YES;
				CLANG_WARN__DUPLICATE_METHOD_MATCH = YES;
				COPY_PHASE_STRIP = NO;
				DEBUG_INFORMATION_FORMAT = dwarf;
				ENABLE_STRICT_OBJC_MSGSEND = YES;
				ENABLE_TESTABILITY = YES;
				ENABLE_USER_SCRIPT_SANDBOXING = YES;
				GCC_C_LANGUAGE_STANDARD = gnu17;
				GCC_DYNAMIC_NO_PIC = NO;
				GCC_NO_COMMON_BLOCKS = YES;
				GCC_OPTIMIZATION_LEVEL = 0;
				GCC_PREPROCESSOR_DEFINITIONS = (
					"DEBUG=1",
					"$(inherited)",
				);
				GCC_WARN_64_TO_32_BIT_CONVERSION = YES;
				GCC_WARN_ABOUT_RETURN_TYPE = YES_ERROR;
				GCC_WARN_UNDECLARED_SELECTOR = YES;
				GCC_WARN_UNINITIALIZED_AUTOS = YES_AGGRESSIVE;
				GCC_WARN_UNUSED_FUNCTION = YES;
				GCC_WARN_UNUSED_VARIABLE = YES;
				LOCALIZATION_PREFERS_STRING_CATALOGS = YES;
				MACOSX_DEPLOYMENT_TARGET = 26.5;
				MTL_ENABLE_DEBUG_INFO = INCLUDE_SOURCE;
				MTL_FAST_MATH = YES;
				ONLY_ACTIVE_ARCH = YES;
				SDKROOT = macosx;
				SWIFT_ACTIVE_COMPILATION_CONDITIONS = "DEBUG $(inherited)";
				SWIFT_OPTIMIZATION_LEVEL = "-Onone";
			};
			name = Debug;
		};
		A5EA6D3D300C9E1B00359A47 /* Release */ = {
			isa = XCBuildConfiguration;
			buildSettings = {
				ALWAYS_SEARCH_USER_PATHS = NO;
				ASSETCATALOG_COMPILER_GENERATE_SWIFT_ASSET_SYMBOL_EXTENSIONS = YES;
				CLANG_ANALYZER_NONNULL = YES;
				CLANG_ANALYZER_NUMBER_OBJECT_CONVERSION = YES_AGGRESSIVE;
				CLANG_CXX_LANGUAGE_STANDARD = "gnu++20";
				CLANG_ENABLE_MODULES = YES;
				CLANG_ENABLE_OBJC_ARC = YES;
				CLANG_ENABLE_OBJC_WEAK = YES;
				CLANG_WARN_BLOCK_CAPTURE_AUTORELEASING = YES;
				CLANG_WARN_BOOL_CONVERSION = YES;
				CLANG_WARN_COMMA = YES;
				CLANG_WARN_CONSTANT_CONVERSION = YES;
				CLANG_WARN_DEPRECATED_OBJC_IMPLEMENTATIONS = YES;
				CLANG_WARN_DIRECT_OBJC_ISA_USAGE = YES_ERROR;
				CLANG_WARN_DOCUMENTATION_COMMENTS = YES;
				CLANG_WARN_EMPTY_BODY = YES;
				CLANG_WARN_ENUM_CONVERSION = YES;
				CLANG_WARN_INFINITE_RECURSION = YES;
				CLANG_WARN_INT_CONVERSION = YES;
				CLANG_WARN_NON_LITERAL_NULL_CONVERSION = YES;
				CLANG_WARN_OBJC_IMPLICIT_RETAIN_SELF = YES;
				CLANG_WARN_OBJC_LITERAL_CONVERSION = YES;
				CLANG_WARN_OBJC_ROOT_CLASS = YES_ERROR;
				CLANG_WARN_QUOTED_INCLUDE_IN_FRAMEWORK_HEADER = YES;
				CLANG_WARN_RANGE_LOOP_ANALYSIS = YES;
				CLANG_WARN_STRICT_PROTOTYPES = YES;
				CLANG_WARN_SUSPICIOUS_MOVE = YES;
				CLANG_WARN_UNGUARDED_AVAILABILITY = YES_AGGRESSIVE;
				CLANG_WARN_UNREACHABLE_CODE = YES;
				CLANG_WARN__DUPLICATE_METHOD_MATCH = YES;
				COPY_PHASE_STRIP = NO;
				DEBUG_INFORMATION_FORMAT = "dwarf-with-dsym";
				ENABLE_NS_ASSERTIONS = NO;
				ENABLE_STRICT_OBJC_MSGSEND = YES;
				ENABLE_USER_SCRIPT_SANDBOXING = YES;
				GCC_C_LANGUAGE_STANDARD = gnu17;
				GCC_NO_COMMON_BLOCKS = YES;
				GCC_WARN_64_TO_32_BIT_CONVERSION = YES;
				GCC_WARN_ABOUT_RETURN_TYPE = YES_ERROR;
				GCC_WARN_UNDECLARED_SELECTOR = YES;
				GCC_WARN_UNINITIALIZED_AUTOS = YES_AGGRESSIVE;
				GCC_WARN_UNUSED_FUNCTION = YES;
				GCC_WARN_UNUSED_VARIABLE = YES;
				LOCALIZATION_PREFERS_STRING_CATALOGS = YES;
				MACOSX_DEPLOYMENT_TARGET = 26.5;
				MTL_ENABLE_DEBUG_INFO = NO;
				MTL_FAST_MATH = YES;
				SDKROOT = macosx;
				SWIFT_COMPILATION_MODE = wholemodule;
			};
			name = Release;
		};
		A5EA6D3F300C9E1B00359A47 /* Debug */ = {
			isa = XCBuildConfiguration;
			buildSettings = {
				ASSETCATALOG_COMPILER_APPICON_NAME = AppIcon;
				ASSETCATALOG_COMPILER_GLOBAL_ACCENT_COLOR_NAME = AccentColor;
				CODE_SIGN_STYLE = Automatic;
				COMBINE_HIDPI_IMAGES = YES;
				CURRENT_PROJECT_VERSION = 1;
				ENABLE_APP_SANDBOX = NO;
				ENABLE_PREVIEWS = YES;
				GENERATE_INFOPLIST_FILE = YES;
				INFOPLIST_FILE = "simple-web-proxy-frontend/Info.plist";
				INFOPLIST_KEY_LSApplicationCategoryType = "public.app-category.developer-tools";
				INFOPLIST_KEY_NSHumanReadableCopyright = "";
				LD_RUNPATH_SEARCH_PATHS = (
					"$(inherited)",
					"@executable_path/../Frameworks",
				);
				MACOSX_DEPLOYMENT_TARGET = 15.6;
				MARKETING_VERSION = 1.0;
				PRODUCT_BUNDLE_IDENTIFIER = "com.createLGC.simple-web-proxy-frontend";
				PRODUCT_NAME = "$(TARGET_NAME)";
				REGISTER_APP_GROUPS = YES;
				STRING_CATALOG_GENERATE_SYMBOLS = YES;
				SWIFT_APPROACHABLE_CONCURRENCY = YES;
				SWIFT_DEFAULT_ACTOR_ISOLATION = MainActor;
				SWIFT_EMIT_LOC_STRINGS = YES;
				SWIFT_OBJC_BRIDGING_HEADER = "";
				SWIFT_UPCOMING_FEATURE_MEMBER_IMPORT_VISIBILITY = YES;
				SWIFT_VERSION = 5.0;
			};
			name = Debug;
		};
		A5EA6D40300C9E1B00359A47 /* Release */ = {
			isa = XCBuildConfiguration;
			buildSettings = {
				ASSETCATALOG_COMPILER_APPICON_NAME = AppIcon;
				ASSETCATALOG_COMPILER_GLOBAL_ACCENT_COLOR_NAME = AccentColor;
				CODE_SIGN_STYLE = Automatic;
				COMBINE_HIDPI_IMAGES = YES;
				CURRENT_PROJECT_VERSION = 1;
				ENABLE_APP_SANDBOX = NO;
				ENABLE_PREVIEWS = YES;
				GENERATE_INFOPLIST_FILE = YES;
				INFOPLIST_FILE = "simple-web-proxy-frontend/Info.plist";
				INFOPLIST_KEY_LSApplicationCategoryType = "public.app-category.developer-tools";
				INFOPLIST_KEY_NSHumanReadableCopyright = "";
				LD_RUNPATH_SEARCH_PATHS = (
					"$(inherited)",
					"@executable_path/../Frameworks",
				);
				MACOSX_DEPLOYMENT_TARGET = 15.6;
				MARKETING_VERSION = 1.0;
				PRODUCT_BUNDLE_IDENTIFIER = "com.createLGC.simple-web-proxy-frontend";
				PRODUCT_NAME = "$(TARGET_NAME)";
				REGISTER_APP_GROUPS = YES;
				STRING_CATALOG_GENERATE_SYMBOLS = YES;
				SWIFT_APPROACHABLE_CONCURRENCY = YES;
				SWIFT_DEFAULT_ACTOR_ISOLATION = MainActor;
				SWIFT_EMIT_LOC_STRINGS = YES;
				SWIFT_OBJC_BRIDGING_HEADER = "";
				SWIFT_UPCOMING_FEATURE_MEMBER_IMPORT_VISIBILITY = YES;
				SWIFT_VERSION = 5.0;
			};
			name = Release;
		};
		A5EA6D42300C9E1B00359A47 /* Debug */ = {
			isa = XCBuildConfiguration;
			buildSettings = {
				BUNDLE_LOADER = "$(TEST_HOST)";
				CODE_SIGN_STYLE = Automatic;
				CURRENT_PROJECT_VERSION = 1;
				GENERATE_INFOPLIST_FILE = YES;
				MACOSX_DEPLOYMENT_TARGET = 26.5;
				MARKETING_VERSION = 1.0;
				PRODUCT_BUNDLE_IDENTIFIER = "com.createLGC.simple-web-proxy-frontendTests";
				PRODUCT_NAME = "$(TARGET_NAME)";
				STRING_CATALOG_GENERATE_SYMBOLS = NO;
				SWIFT_APPROACHABLE_CONCURRENCY = YES;
				SWIFT_EMIT_LOC_STRINGS = NO;
				SWIFT_UPCOMING_FEATURE_MEMBER_IMPORT_VISIBILITY = YES;
				SWIFT_VERSION = 5.0;
				TEST_HOST = "$(BUILT_PRODUCTS_DIR)/simple-web-proxy-frontend.app/$(BUNDLE_EXECUTABLE_FOLDER_PATH)/simple-web-proxy-frontend";
			};
			name = Debug;
		};
		A5EA6D43300C9E1B00359A47 /* Release */ = {
			isa = XCBuildConfiguration;
			buildSettings = {
				BUNDLE_LOADER = "$(TEST_HOST)";
				CODE_SIGN_STYLE = Automatic;
				CURRENT_PROJECT_VERSION = 1;
				GENERATE_INFOPLIST_FILE = YES;
				MACOSX_DEPLOYMENT_TARGET = 26.5;
				MARKETING_VERSION = 1.0;
				PRODUCT_BUNDLE_IDENTIFIER = "com.createLGC.simple-web-proxy-frontendTests";
				PRODUCT_NAME = "$(TARGET_NAME)";
				STRING_CATALOG_GENERATE_SYMBOLS = NO;
				SWIFT_APPROACHABLE_CONCURRENCY = YES;
				SWIFT_EMIT_LOC_STRINGS = NO;
				SWIFT_UPCOMING_FEATURE_MEMBER_IMPORT_VISIBILITY = YES;
				SWIFT_VERSION = 5.0;
				TEST_HOST = "$(BUILT_PRODUCTS_DIR)/simple-web-proxy-frontend.app/$(BUNDLE_EXECUTABLE_FOLDER_PATH)/simple-web-proxy-frontend";
			};
			name = Release;
		};
		A5EA6D45300C9E1B00359A47 /* Debug */ = {
			isa = XCBuildConfiguration;
			buildSettings = {
				CODE_SIGN_STYLE = Automatic;
				CURRENT_PROJECT_VERSION = 1;
				GENERATE_INFOPLIST_FILE = YES;
				MARKETING_VERSION = 1.0;
				PRODUCT_BUNDLE_IDENTIFIER = "com.createLGC.simple-web-proxy-frontendUITests";
				PRODUCT_NAME = "$(TARGET_NAME)";
				STRING_CATALOG_GENERATE_SYMBOLS = NO;
				SWIFT_APPROACHABLE_CONCURRENCY = YES;
				SWIFT_EMIT_LOC_STRINGS = NO;
				SWIFT_UPCOMING_FEATURE_MEMBER_IMPORT_VISIBILITY = YES;
				SWIFT_VERSION = 5.0;
				TEST_TARGET_NAME = "simple-web-proxy-frontend";
			};
			name = Debug;
		};
		A5EA6D46300C9E1B00359A47 /* Release */ = {
			isa = XCBuildConfiguration;
			buildSettings = {
				CODE_SIGN_STYLE = Automatic;
				CURRENT_PROJECT_VERSION = 1;
				GENERATE_INFOPLIST_FILE = YES;
				MARKETING_VERSION = 1.0;
				PRODUCT_BUNDLE_IDENTIFIER = "com.createLGC.simple-web-proxy-frontendUITests";
				PRODUCT_NAME = "$(TARGET_NAME)";
				STRING_CATALOG_GENERATE_SYMBOLS = NO;
				SWIFT_APPROACHABLE_CONCURRENCY = YES;
				SWIFT_EMIT_LOC_STRINGS = NO;
				SWIFT_UPCOMING_FEATURE_MEMBER_IMPORT_VISIBILITY = YES;
				SWIFT_VERSION = 5.0;
				TEST_TARGET_NAME = "simple-web-proxy-frontend";
			};
			name = Release;
		};
/* End XCBuildConfiguration section */

/* Begin XCConfigurationList section */
		A5EA6D18300C9E1900359A47 /* Build configuration list for PBXProject "simple-web-proxy-frontend" */ = {
			isa = XCConfigurationList;
			buildConfigurations = (
				A5EA6D3C300C9E1B00359A47 /* Debug */,
				A5EA6D3D300C9E1B00359A47 /* Release */,
			);
			defaultConfigurationIsVisible = 0;
			defaultConfigurationName = Release;
		};
		A5EA6D3E300C9E1B00359A47 /* Build configuration list for PBXNativeTarget "simple-web-proxy-frontend" */ = {
			isa = XCConfigurationList;
			buildConfigurations = (
				A5EA6D3F300C9E1B00359A47 /* Debug */,
				A5EA6D40300C9E1B00359A47 /* Release */,
			);
			defaultConfigurationIsVisible = 0;
			defaultConfigurationName = Release;
		};
		A5EA6D41300C9E1B00359A47 /* Build configuration list for PBXNativeTarget "simple-web-proxy-frontendTests" */ = {
			isa = XCConfigurationList;
			buildConfigurations = (
				A5EA6D42300C9E1B00359A47 /* Debug */,
				A5EA6D43300C9E1B00359A47 /* Release */,
			);
			defaultConfigurationIsVisible = 0;
			defaultConfigurationName = Release;
		};
		A5EA6D44300C9E1B00359A47 /* Build configuration list for PBXNativeTarget "simple-web-proxy-frontendUITests" */ = {
			isa = XCConfigurationList;
			buildConfigurations = (
				A5EA6D45300C9E1B00359A47 /* Debug */,
				A5EA6D46300C9E1B00359A47 /* Release */,
			);
			defaultConfigurationIsVisible = 0;
			defaultConfigurationName = Release;
		};
/* End XCConfigurationList section */
	};
	rootObject = A5EA6D15300C9E1900359A47 /* Project object */;
}
